
Microsoft Visual Studio Solution File, Format Version 12.00
# Visual Studio Version 16
VisualStudioVersion = 16.0.28803.202
MinimumVisualStudioVersion = 10.0.40219.1
Project("{FAE04EC0-301F-11D3-BF4B-00C04F79EFBC}") = "FindFilesOfSize", "FindFilesOfSize\FindFilesOfSize.csproj", "{0E9706FC-49FE-4528-8E8F-0C1666F9C9DE}"
EndProject
Global
	GlobalSection(SolutionConfigurationPlatforms) = preSolution
		Debug|Any CPU = Debug|Any CPU
		Release|Any CPU = Release|Any CPU
	EndGlobalSection
	GlobalSection(ProjectConfigurationPlatforms) = postSolution
		{0E9706FC-49FE-4528-8E8F-0C1666F9C9DE}.Debug|Any CPU.ActiveCfg = Debug|Any CPU
		{0E9706FC-49FE-4528-8E8F-0C1666F9C9DE}.Debug|Any CPU.Build.0 = Debug|Any CPU
		{0E9706FC-49FE-4528-8E8F-0C1666F9C9DE}.Release|Any CPU.ActiveCfg = Release|Any CPU
		{0E9706FC-49FE-4528-8E8F-0C1666F9C9DE}.Release|Any CPU.Build.0 = Release|Any CPU
	EndGlobalSection
	GlobalSection(SolutionProperties) = preSolution
		HideSolutionNode = FALSE
	EndGlobalSection
	GlobalSection(ExtensibilityGlobals) = postSolution
		SolutionGuid = {7C8853AC-689B-4974-A451-B01F545B0825}
	EndGlobalSection
EndGlobal
